// !$*UTF8*$!
{
	archiveVersion = 1;
	classes = {
	};
	objectVersion = 46;
	objects = {

/* Begin PBXBuildFile section */
		42729A471DDF544F60024442 /* Pods_FirstPetProjectTests.framework in Frameworks */ = {isa = PBXBuildFile; fileRef = 1693E26B16CBFA60AFED8D7C /* Pods_FirstPetProjectTests.framework */; };
		77F46B04B9A9FEA6A5DAC6C0 /* Pods_FirstPetProject.framework in Frameworks */ = {isa = PBXBuildFile; fileRef = 2DE080AB2CE6D226CCC261BF /* Pods_FirstPetProject.framework */; };
		A827A2D42C231A5705040DF4 /* Pods_FirstPetProjectUITests.framework in Frameworks */ = {isa = PBXBuildFile; fileRef = 505551219552F33236D78AA7 /* Pods_FirstPetProjectUITests.framework */; };
		BF15828F1E8937FF00E49628 /* LoadImageViewController.swift in Sources */ = {isa = PBXBuildFile; fileRef = BF15828D1E8937FF00E49628 /* LoadImageViewController.swift */; };
		BF1582901E8937FF00E49628 /* LoadImageViewController.xib in Resources */ = {isa = PBXBuildFile; fileRef = BF15828E1E8937FF00E49628 /* LoadImageViewController.xib */; };
		BF1582941E89625200E49628 /* LoadImageViewProtocol.swift in Sources */ = {isa = PBXBuildFile; fileRef = BF1582931E89625200E49628 /* LoadImageViewProtocol.swift */; };
		BF1582961E89627C00E49628 /* LoadImagePresenterProtocol.swift in Sources */ = {isa = PBXBuildFile; fileRef = BF1582951E89627C00E49628 /* LoadImagePresenterProtocol.swift */; };
		BF1582981E8962A200E49628 /* LoadImageViewPresenter.swift in Sources */ = {isa = PBXBuildFile; fileRef = BF1582971E8962A200E49628 /* LoadImageViewPresenter.swift */; };
		BF25A4A01E7FDF67007FE5DD /* Interactor.swift in Sources */ = {isa = PBXBuildFile; fileRef = BF25A49F1E7FDF67007FE5DD /* Interactor.swift */; };
		BF25A4A21E7FE096007FE5DD /* IncrementInteractor.swift in Sources */ = {isa = PBXBuildFile; fileRef = BF25A4A11E7FE096007FE5DD /* IncrementInteractor.swift */; };
		BF25A4A51E7FF144007FE5DD /* Repository.swift in Sources */ = {isa = PBXBuildFile; fileRef = BF25A4A41E7FF144007FE5DD /* Repository.swift */; };
		BF25A4A71E7FF1A6007FE5DD /* App.swift in Sources */ = {isa = PBXBuildFile; fileRef = BF25A4A61E7FF1A6007FE5DD /* App.swift */; };
		BF25A4A91E7FF271007FE5DD /* ProductionRepository.swift in Sources */ = {isa = PBXBuildFile; fileRef = BF25A4A81E7FF271007FE5DD /* ProductionRepository.swift */; };
		BF25A4AC1E7FF3DA007FE5DD /* DataStore.swift in Sources */ = {isa = PBXBuildFile; fileRef = BF25A4AB1E7FF3DA007FE5DD /* DataStore.swift */; };
		BF25A4AE1E7FF433007FE5DD /* ProductionDataStore.swift in Sources */ = {isa = PBXBuildFile; fileRef = BF25A4AD1E7FF433007FE5DD /* ProductionDataStore.swift */; };
		BF25A4BD1E813376007FE5DD /* MainViewController.swift in Sources */ = {isa = PBXBuildFile; fileRef = BF25A4BB1E813376007FE5DD /* MainViewController.swift */; };
		BF25A4BE1E813376007FE5DD /* MainViewController.xib in Resources */ = {isa = PBXBuildFile; fileRef = BF25A4BC1E813376007FE5DD /* MainViewController.xib */; };
		BFE238C11E7C325600699EFA /* AppDelegate.swift in Sources */ = {isa = PBXBuildFile; fileRef = BFE238C01E7C325600699EFA /* AppDelegate.swift */; };
		BFE238C81E7C325600699EFA /* Assets.xcassets in Resources */ = {isa = PBXBuildFile; fileRef = BFE238C71E7C325600699EFA /* Assets.xcassets */; };
		BFE238D61E7C325600699EFA /* FirstPetProjectTests.swift in Sources */ = {isa = PBXBuildFile; fileRef = BFE238D51E7C325600699EFA /* FirstPetProjectTests.swift */; };
		BFE238E11E7C325600699EFA /* FirstPetProjectUITests.swift in Sources */ = {isa = PBXBuildFile; fileRef = BFE238E01E7C325600699EFA /* FirstPetProjectUITests.swift */; };
		BFE238F11E7C340700699EFA /* MainViewPresenter.swift in Sources */ = {isa = PBXBuildFile; fileRef = BFE238F01E7C340700699EFA /* MainViewPresenter.swift */; };
		BFE238F31E7C345900699EFA /* MainViewProtocol.swift in Sources */ = {isa = PBXBuildFile; fileRef = BFE238F21E7C345900699EFA /* MainViewProtocol.swift */; };
		BFE238F71E7C38D800699EFA /* MainPresenterProtocol.swift in Sources */ = {isa = PBXBuildFile; fileRef = BFE238F61E7C38D800699EFA /* MainPresenterProtocol.swift */; };
		BFE238F91E7C436D00699EFA /* BasePresenter.swift in Sources */ = {isa = PBXBuildFile; fileRef = BFE238F81E7C436D00699EFA /* BasePresenter.swift */; };
/* End PBXBuildFile section */

/* Begin PBXContainerItemProxy section */
		BFE238D21E7C325600699EFA /* PBXContainerItemProxy */ = {
			isa = PBXContainerItemProxy;
			containerPortal = BFE238B51E7C325500699EFA /* Project object */;
			proxyType = 1;
			remoteGlobalIDString = BFE238BC1E7C325500699EFA;
			remoteInfo = FirstPetProject;
		};
		BFE238DD1E7C325600699EFA /* PBXContainerItemProxy */ = {
			isa = PBXContainerItemProxy;
			containerPortal = BFE238B51E7C325500699EFA /* Project object */;
			proxyType = 1;
			remoteGlobalIDString = BFE238BC1E7C325500699EFA;
			remoteInfo = FirstPetProject;
		};
/* End PBXContainerItemProxy section */

/* Begin PBXFileReference section */
		096A04B2A2F07835D3145390 /* Pods-FirstPetProject.debug.xcconfig */ = {isa = PBXFileReference; includeInIndex = 1; lastKnownFileType = text.xcconfig; name = "Pods-FirstPetProject.debug.xcconfig"; path = "Pods/Target Support Files/Pods-FirstPetProject/Pods-FirstPetProject.debug.xcconfig"; sourceTree = "<group>"; };
		1693E26B16CBFA60AFED8D7C /* Pods_FirstPetProjectTests.framework */ = {isa = PBXFileReference; explicitFileType = wrapper.framework; includeInIndex = 0; path = Pods_FirstPetProjectTests.framework; sourceTree = BUILT_PRODUCTS_DIR; };
		2DE080AB2CE6D226CCC261BF /* Pods_FirstPetProject.framework */ = {isa = PBXFileReference; explicitFileType = wrapper.framework; includeInIndex = 0; path = Pods_FirstPetProject.framework; sourceTree = BUILT_PRODUCTS_DIR; };
		505551219552F33236D78AA7 /* Pods_FirstPetProjectUITests.framework */ = {isa = PBXFileReference; explicitFileType = wrapper.framework; includeInIndex = 0; path = Pods_FirstPetProjectUITests.framework; sourceTree = BUILT_PRODUCTS_DIR; };
		AA45650800BDD99EC283F4C3 /* Pods-FirstPetProjectTests.debug.xcconfig */ = {isa = PBXFileReference; includeInIndex = 1; lastKnownFileType = text.xcconfig; name = "Pods-FirstPetProjectTests.debug.xcconfig"; path = "Pods/Target Support Files/Pods-FirstPetProjectTests/Pods-FirstPetProjectTests.debug.xcconfig"; sourceTree = "<group>"; };
		BF15828D1E8937FF00E49628 /* LoadImageViewController.swift */ = {isa = PBXFileReference; fileEncoding = 4; lastKnownFileType = sourcecode.swift; name = LoadImageViewController.swift; path = ui/loadImageView/LoadImageViewController.swift; sourceTree = "<group>"; };
		BF15828E1E8937FF00E49628 /* LoadImageViewController.xib */ = {isa = PBXFileReference; fileEncoding = 4; lastKnownFileType = file.xib; name = LoadImageViewController.xib; path = ui/loadImageView/LoadImageViewController.xib; sourceTree = "<group>"; };
		BF1582931E89625200E49628 /* LoadImageViewProtocol.swift */ = {isa = PBXFileReference; fileEncoding = 4; lastKnownFileType = sourcecode.swift; name = LoadImageViewProtocol.swift; path = ui/loadImageView/LoadImageViewProtocol.swift; sourceTree = "<group>"; };
		BF1582951E89627C00E49628 /* LoadImagePresenterProtocol.swift */ = {isa = PBXFileReference; fileEncoding = 4; lastKnownFileType = sourcecode.swift; name = LoadImagePresenterProtocol.swift; path = ui/loadImageView/LoadImagePresenterProtocol.swift; sourceTree = "<group>"; };
		BF1582971E8962A200E49628 /* LoadImageViewPresenter.swift */ = {isa = PBXFileReference; fileEncoding = 4; lastKnownFileType = sourcecode.swift; name = LoadImageViewPresenter.swift; path = ui/loadImageView/LoadImageViewPresenter.swift; sourceTree = "<group>"; };
		BF25A49F1E7FDF67007FE5DD /* Interactor.swift */ = {isa = PBXFileReference; fileEncoding = 4; lastKnownFileType = sourcecode.swift; name = Interactor.swift; path = domain/interactors/Interactor.swift; sourceTree = "<group>"; };
		BF25A4A11E7FE096007FE5DD /* IncrementInteractor.swift */ = {isa = PBXFileReference; fileEncoding = 4; lastKnownFileType = sourcecode.swift; name = IncrementInteractor.swift; path = domain/interactors/IncrementInteractor.swift; sourceTree = "<group>"; };
		BF25A4A41E7FF144007FE5DD /* Repository.swift */ = {isa = PBXFileReference; fileEncoding = 4; lastKnownFileType = sourcecode.swift; name = Repository.swift; path = data/repository/Repository.swift; sourceTree = "<group>"; };
		BF25A4A61E7FF1A6007FE5DD /* App.swift */ = {isa = PBXFileReference; fileEncoding = 4; lastKnownFileType = sourcecode.swift; name = App.swift; path = data/App.swift; sourceTree = "<group>"; };
		BF25A4A81E7FF271007FE5DD /* ProductionRepository.swift */ = {isa = PBXFileReference; fileEncoding = 4; lastKnownFileType = sourcecode.swift; name = ProductionRepository.swift; path = data/repository/ProductionRepository.swift; sourceTree = "<group>"; };
		BF25A4AB1E7FF3DA007FE5DD /* DataStore.swift */ = {isa = PBXFileReference; fileEncoding = 4; lastKnownFileType = sourcecode.swift; name = DataStore.swift; path = data/datastore/DataStore.swift; sourceTree = "<group>"; };
		BF25A4AD1E7FF433007FE5DD /* ProductionDataStore.swift */ = {isa = PBXFileReference; fileEncoding = 4; lastKnownFileType = sourcecode.swift; name = ProductionDataStore.swift; path = data/datastore/ProductionDataStore.swift; sourceTree = "<group>"; };
		BF25A4BB1E813376007FE5DD /* MainViewController.swift */ = {isa = PBXFileReference; fileEncoding = 4; lastKnownFileType = sourcecode.swift; name = MainViewController.swift; path = ui/mainView/MainViewController.swift; sourceTree = "<group>"; };
		BF25A4BC1E813376007FE5DD /* MainViewController.xib */ = {isa = PBXFileReference; fileEncoding = 4; lastKnownFileType = file.xib; name = MainViewController.xib; path = ui/mainView/MainViewController.xib; sourceTree = "<group>"; };
		BFE238BD1E7C325600699EFA /* FirstPetProject.app */ = {isa = PBXFileReference; explicitFileType = wrapper.application; includeInIndex = 0; path = FirstPetProject.app; sourceTree = BUILT_PRODUCTS_DIR; };
		BFE238C01E7C325600699EFA /* AppDelegate.swift */ = {isa = PBXFileReference; lastKnownFileType = sourcecode.swift; path = AppDelegate.swift; sourceTree = "<group>"; };
		BFE238C71E7C325600699EFA /* Assets.xcassets */ = {isa = PBXFileReference; lastKnownFileType = folder.assetcatalog; path = Assets.xcassets; sourceTree = "<group>"; };
		BFE238CC1E7C325600699EFA /* Info.plist */ = {isa = PBXFileReference; lastKnownFileType = text.plist.xml; path = Info.plist; sourceTree = "<group>"; };
		BFE238D11E7C325600699EFA /* FirstPetProjectTests.xctest */ = {isa = PBXFileReference; explicitFileType = wrapper.cfbundle; includeInIndex = 0; path = FirstPetProjectTests.xctest; sourceTree = BUILT_PRODUCTS_DIR; };
		BFE238D51E7C325600699EFA /* FirstPetProjectTests.swift */ = {isa = PBXFileReference; lastKnownFileType = sourcecode.swift; path = FirstPetProjectTests.swift; sourceTree = "<group>"; };
		BFE238D71E7C325600699EFA /* Info.plist */ = {isa = PBXFileReference; lastKnownFileType = text.plist.xml; path = Info.plist; sourceTree = "<group>"; };
		BFE238DC1E7C325600699EFA /* FirstPetProjectUITests.xctest */ = {isa = PBXFileReference; explicitFileType = wrapper.cfbundle; includeInIndex = 0; path = FirstPetProjectUITests.xctest; sourceTree = BUILT_PRODUCTS_DIR; };
		BFE238E01E7C325600699EFA /* FirstPetProjectUITests.swift */ = {isa = PBXFileReference; lastKnownFileType = sourcecode.swift; path = FirstPetProjectUITests.swift; sourceTree = "<group>"; };
		BFE238E21E7C325600699EFA /* Info.plist */ = {isa = PBXFileReference; lastKnownFileType = text.plist.xml; path = Info.plist; sourceTree = "<group>"; };
		BFE238F01E7C340700699EFA /* MainViewPresenter.swift */ = {isa = PBXFileReference; fileEncoding = 4; lastKnownFileType = sourcecode.swift; name = MainViewPresenter.swift; path = ui/mainView/MainViewPresenter.swift; sourceTree = "<group>"; };
		BFE238F21E7C345900699EFA /* MainViewProtocol.swift */ = {isa = PBXFileReference; fileEncoding = 4; lastKnownFileType = sourcecode.swift; name = MainViewProtocol.swift; path = ui/mainView/MainViewProtocol.swift; sourceTree = "<group>"; };
		BFE238F61E7C38D800699EFA /* MainPresenterProtocol.swift */ = {isa = PBXFileReference; fileEncoding = 4; lastKnownFileType = sourcecode.swift; name = MainPresenterProtocol.swift; path = ui/mainView/MainPresenterProtocol.swift; sourceTree = "<group>"; };
		BFE238F81E7C436D00699EFA /* BasePresenter.swift */ = {isa = PBXFileReference; fileEncoding = 4; lastKnownFileType = sourcecode.swift; name = BasePresenter.swift; path = ui/BasePresenter.swift; sourceTree = "<group>"; };
		CC84314C54130B271BB926DF /* Pods-FirstPetProjectUITests.release.xcconfig */ = {isa = PBXFileReference; includeInIndex = 1; lastKnownFileType = text.xcconfig; name = "Pods-FirstPetProjectUITests.release.xcconfig"; path = "Pods/Target Support Files/Pods-FirstPetProjectUITests/Pods-FirstPetProjectUITests.release.xcconfig"; sourceTree = "<group>"; };
		DCB3F346A5676844587D3BDD /* Pods-FirstPetProjectTests.release.xcconfig */ = {isa = PBXFileReference; includeInIndex = 1; lastKnownFileType = text.xcconfig; name = "Pods-FirstPetProjectTests.release.xcconfig"; path = "Pods/Target Support Files/Pods-FirstPetProjectTests/Pods-FirstPetProjectTests.release.xcconfig"; sourceTree = "<group>"; };
		E3202DA1DE80B3598C74DDBC /* Pods-FirstPetProjectUITests.debug.xcconfig */ = {isa = PBXFileReference; includeInIndex = 1; lastKnownFileType = text.xcconfig; name = "Pods-FirstPetProjectUITests.debug.xcconfig"; path = "Pods/Target Support Files/Pods-FirstPetProjectUITests/Pods-FirstPetProjectUITests.debug.xcconfig"; sourceTree = "<group>"; };
		FF755C9AA8F26D7A749473CE /* Pods-FirstPetProject.release.xcconfig */ = {isa = PBXFileReference; includeInIndex = 1; lastKnownFileType = text.xcconfig; name = "Pods-FirstPetProject.release.xcconfig"; path = "Pods/Target Support Files/Pods-FirstPetProject/Pods-FirstPetProject.release.xcconfig"; sourceTree = "<group>"; };
/* End PBXFileReference section */

/* Begin PBXFrameworksBuildPhase section */
		BFE238BA1E7C325500699EFA /* Frameworks */ = {
			isa = PBXFrameworksBuildPhase;
			buildActionMask = 2147483647;
			files = (
				77F46B04B9A9FEA6A5DAC6C0 /* Pods_FirstPetProject.framework in Frameworks */,
			);
			runOnlyForDeploymentPostprocessing = 0;
		};
		BFE238CE1E7C325600699EFA /* Frameworks */ = {
			isa = PBXFrameworksBuildPhase;
			buildActionMask = 2147483647;
			files = (
				42729A471DDF544F60024442 /* Pods_FirstPetProjectTests.framework in Frameworks */,
			);
			runOnlyForDeploymentPostprocessing = 0;
		};
		BFE238D91E7C325600699EFA /* Frameworks */ = {
			isa = PBXFrameworksBuildPhase;
			buildActionMask = 2147483647;
			files = (
				A827A2D42C231A5705040DF4 /* Pods_FirstPetProjectUITests.framework in Frameworks */,
			);
			runOnlyForDeploymentPostprocessing = 0;
		};
/* End PBXFrameworksBuildPhase section */

/* Begin PBXGroup section */
		270BE7B3DC01F5ED6DE98E19 /* Frameworks */ = {
			isa = PBXGroup;
			children = (
				2DE080AB2CE6D226CCC261BF /* Pods_FirstPetProject.framework */,
				1693E26B16CBFA60AFED8D7C /* Pods_FirstPetProjectTests.framework */,
				505551219552F33236D78AA7 /* Pods_FirstPetProjectUITests.framework */,
			);
			name = Frameworks;
			sourceTree = "<group>";
		};
		8274C08A49E4C46E2F60EBDE /* Pods */ = {
			isa = PBXGroup;
			children = (
				096A04B2A2F07835D3145390 /* Pods-FirstPetProject.debug.xcconfig */,
				FF755C9AA8F26D7A749473CE /* Pods-FirstPetProject.release.xcconfig */,
				AA45650800BDD99EC283F4C3 /* Pods-FirstPetProjectTests.debug.xcconfig */,
				DCB3F346A5676844587D3BDD /* Pods-FirstPetProjectTests.release.xcconfig */,
				E3202DA1DE80B3598C74DDBC /* Pods-FirstPetProjectUITests.debug.xcconfig */,
				CC84314C54130B271BB926DF /* Pods-FirstPetProjectUITests.release.xcconfig */,
			);
			name = Pods;
			sourceTree = "<group>";
		};
		BF15828C1E8937DD00E49628 /* loadImageView */ = {
			isa = PBXGroup;
			children = (
				BF15828D1E8937FF00E49628 /* LoadImageViewController.swift */,
				BF15828E1E8937FF00E49628 /* LoadImageViewController.xib */,
				BF1582931E89625200E49628 /* LoadImageViewProtocol.swift */,
				BF1582951E89627C00E49628 /* LoadImagePresenterProtocol.swift */,
				BF1582971E8962A200E49628 /* LoadImageViewPresenter.swift */,
			);
			name = loadImageView;
			sourceTree = "<group>";
		};
		BF25A49C1E7FDEB6007FE5DD /* domain */ = {
			isa = PBXGroup;
			children = (
				BF25A49D1E7FDEC4007FE5DD /* interactors */,
			);
			name = domain;
			sourceTree = "<group>";
		};
		BF25A49D1E7FDEC4007FE5DD /* interactors */ = {
			isa = PBXGroup;
			children = (
				BF25A49F1E7FDF67007FE5DD /* Interactor.swift */,
				BF25A4A11E7FE096007FE5DD /* IncrementInteractor.swift */,
			);
			name = interactors;
			sourceTree = "<group>";
		};
		BF25A49E1E7FDEF8007FE5DD /* data */ = {
			isa = PBXGroup;
			children = (
				BF25A4AA1E7FF3B9007FE5DD /* datastore */,
				BF25A4A31E7FF129007FE5DD /* repository */,
				BF25A4A61E7FF1A6007FE5DD /* App.swift */,
			);
			name = data;
			sourceTree = "<group>";
		};
		BF25A4A31E7FF129007FE5DD /* repository */ = {
			isa = PBXGroup;
			children = (
				BF25A4A41E7FF144007FE5DD /* Repository.swift */,
				BF25A4A81E7FF271007FE5DD /* ProductionRepository.swift */,
			);
			name = repository;
			sourceTree = "<group>";
		};
		BF25A4AA1E7FF3B9007FE5DD /* datastore */ = {
			isa = PBXGroup;
			children = (
				BF25A4AB1E7FF3DA007FE5DD /* DataStore.swift */,
				BF25A4AD1E7FF433007FE5DD /* ProductionDataStore.swift */,
			);
			name = datastore;
			sourceTree = "<group>";
		};
		BFE238B41E7C325500699EFA = {
			isa = PBXGroup;
			children = (
				BFE238BF1E7C325600699EFA /* FirstPetProject */,
				BFE238D41E7C325600699EFA /* FirstPetProjectTests */,
				BFE238DF1E7C325600699EFA /* FirstPetProjectUITests */,
				BFE238BE1E7C325600699EFA /* Products */,
				8274C08A49E4C46E2F60EBDE /* Pods */,
				270BE7B3DC01F5ED6DE98E19 /* Frameworks */,
			);
			sourceTree = "<group>";
		};
		BFE238BE1E7C325600699EFA /* Products */ = {
			isa = PBXGroup;
			children = (
				BFE238BD1E7C325600699EFA /* FirstPetProject.app */,
				BFE238D11E7C325600699EFA /* FirstPetProjectTests.xctest */,
				BFE238DC1E7C325600699EFA /* FirstPetProjectUITests.xctest */,
			);
			name = Products;
			sourceTree = "<group>";
		};
		BFE238BF1E7C325600699EFA /* FirstPetProject */ = {
			isa = PBXGroup;
			children = (
				BF25A49E1E7FDEF8007FE5DD /* data */,
				BF25A49C1E7FDEB6007FE5DD /* domain */,
				BFE238EE1E7C33C100699EFA /* ui */,
				BFE238C01E7C325600699EFA /* AppDelegate.swift */,
				BFE238C71E7C325600699EFA /* Assets.xcassets */,
				BFE238CC1E7C325600699EFA /* Info.plist */,
			);
			path = FirstPetProject;
			sourceTree = "<group>";
		};
		BFE238D41E7C325600699EFA /* FirstPetProjectTests */ = {
			isa = PBXGroup;
			children = (
				BFE238D51E7C325600699EFA /* FirstPetProjectTests.swift */,
				BFE238D71E7C325600699EFA /* Info.plist */,
			);
			path = FirstPetProjectTests;
			sourceTree = "<group>";
		};
		BFE238DF1E7C325600699EFA /* FirstPetProjectUITests */ = {
			isa = PBXGroup;
			children = (
				BFE238E01E7C325600699EFA /* FirstPetProjectUITests.swift */,
				BFE238E21E7C325600699EFA /* Info.plist */,
			);
			path = FirstPetProjectUITests;
			sourceTree = "<group>";
		};
		BFE238EE1E7C33C100699EFA /* ui */ = {
			isa = PBXGroup;
			children = (
				BF15828C1E8937DD00E49628 /* loadImageView */,
				BFE238EF1E7C33D700699EFA /* mainView */,
				BFE238F81E7C436D00699EFA /* BasePresenter.swift */,
			);
			name = ui;
			sourceTree = "<group>";
		};
		BFE238EF1E7C33D700699EFA /* mainView */ = {
			isa = PBXGroup;
			children = (
				BFE238F01E7C340700699EFA /* MainViewPresenter.swift */,
				BFE238F21E7C345900699EFA /* MainViewProtocol.swift */,
				BFE238F61E7C38D800699EFA /* MainPresenterProtocol.swift */,
				BF25A4BB1E813376007FE5DD /* MainViewController.swift */,
				BF25A4BC1E813376007FE5DD /* MainViewController.xib */,
			);
			name = mainView;
			sourceTree = "<group>";
		};
/* End PBXGroup section */

/* Begin PBXNativeTarget section */
		BFE238BC1E7C325500699EFA /* FirstPetProject */ = {
			isa = PBXNativeTarget;
			buildConfigurationList = BFE238E51E7C325600699EFA /* Build configuration list for PBXNativeTarget "FirstPetProject" */;
			buildPhases = (
				7C076708743E412E3A6E5108 /* [CP] Check Pods Manifest.lock */,
				BFE238B91E7C325500699EFA /* Sources */,
				BFE238BA1E7C325500699EFA /* Frameworks */,
				BFE238BB1E7C325500699EFA /* Resources */,
				720ABCE9A0004FF70275D30B /* [CP] Embed Pods Frameworks */,
				45C9E1AEE51816CD353BDF32 /* [CP] Copy Pods Resources */,
			);
			buildRules = (
			);
			dependencies = (
			);
			name = FirstPetProject;
			productName = FirstPetProject;
			productReference = BFE238BD1E7C325600699EFA /* FirstPetProject.app */;
			productType = "com.apple.product-type.application";
		};
		BFE238D01E7C325600699EFA /* FirstPetProjectTests */ = {
			isa = PBXNativeTarget;
			buildConfigurationList = BFE238E81E7C325600699EFA /* Build configuration list for PBXNativeTarget "FirstPetProjectTests" */;
			buildPhases = (
				89DAC24BEB5D3FF53190AD35 /* [CP] Check Pods Manifest.lock */,
				BFE238CD1E7C325600699EFA /* Sources */,
				BFE238CE1E7C325600699EFA /* Frameworks */,
				BFE238CF1E7C325600699EFA /* Resources */,
				97DC3DD523C5EC19D9821224 /* [CP] Embed Pods Frameworks */,
				6E0F24B2DEB32951E1B95D69 /* [CP] Copy Pods Resources */,
			);
			buildRules = (
			);
			dependencies = (
				BFE238D31E7C325600699EFA /* PBXTargetDependency */,
			);
			name = FirstPetProjectTests;
			productName = FirstPetProjectTests;
			productReference = BFE238D11E7C325600699EFA /* FirstPetProjectTests.xctest */;
			productType = "com.apple.product-type.bundle.unit-test";
		};
		BFE238DB1E7C325600699EFA /* FirstPetProjectUITests */ = {
			isa = PBXNativeTarget;
			buildConfigurationList = BFE238EB1E7C325600699EFA /* Build configuration list for PBXNativeTarget "FirstPetProjectUITests" */;
			buildPhases = (
				4AD94D52FDF9592E72BAEB7E /* [CP] Check Pods Manifest.lock */,
				BFE238D81E7C325600699EFA /* Sources */,
				BFE238D91E7C325600699EFA /* Frameworks */,
				BFE238DA1E7C325600699EFA /* Resources */,
				4C57DF046DAA0C055368B6E0 /* [CP] Embed Pods Frameworks */,
				87CA39CF79CBB665AF797208 /* [CP] Copy Pods Resources */,
			);
			buildRules = (
			);
			dependencies = (
				BFE238DE1E7C325600699EFA /* PBXTargetDependency */,
			);
			name = FirstPetProjectUITests;
			productName = FirstPetProjectUITests;
			productReference = BFE238DC1E7C325600699EFA /* FirstPetProjectUITests.xctest */;
			productType = "com.apple.product-type.bundle.ui-testing";
		};
/* End PBXNativeTarget section */

/* Begin PBXProject section */
		BFE238B51E7C325500699EFA /* Project object */ = {
			isa = PBXProject;
			attributes = {
				LastSwiftUpdateCheck = 0820;
				LastUpgradeCheck = 0820;
				ORGANIZATIONNAME = "Константин Аксенов";
				TargetAttributes = {
					BFE238BC1E7C325500699EFA = {
						CreatedOnToolsVersion = 8.2.1;
						ProvisioningStyle = Automatic;
					};
					BFE238D01E7C325600699EFA = {
						CreatedOnToolsVersion = 8.2.1;
						ProvisioningStyle = Automatic;
						TestTargetID = BFE238BC1E7C325500699EFA;
					};
					BFE238DB1E7C325600699EFA = {
						CreatedOnToolsVersion = 8.2.1;
						ProvisioningStyle = Automatic;
						TestTargetID = BFE238BC1E7C325500699EFA;
					};
				};
			};
			buildConfigurationList = BFE238B81E7C325500699EFA /* Build configuration list for PBXProject "FirstPetProject" */;
			compatibilityVersion = "Xcode 3.2";
			developmentRegion = English;
			hasScannedForEncodings = 0;
			knownRegions = (
				en,
				Base,
			);
			mainGroup = BFE238B41E7C325500699EFA;
			productRefGroup = BFE238BE1E7C325600699EFA /* Products */;
			projectDirPath = "";
			projectRoot = "";
			targets = (
				BFE238BC1E7C325500699EFA /* FirstPetProject */,
				BFE238D01E7C325600699EFA /* FirstPetProjectTests */,
				BFE238DB1E7C325600699EFA /* FirstPetProjectUITests */,
			);
		};
/* End PBXProject section */

/* Begin PBXResourcesBuildPhase section */
		BFE238BB1E7C325500699EFA /* Resources */ = {
			isa = PBXResourcesBuildPhase;
			buildActionMask = 2147483647;
			files = (
				BF1582901E8937FF00E49628 /* LoadImageViewController.xib in Resources */,
				BFE238C81E7C325600699EFA /* Assets.xcassets in Resources */,
				BF25A4BE1E813376007FE5DD /* MainViewController.xib in Resources */,
			);
			runOnlyForDeploymentPostprocessing = 0;
		};
		BFE238CF1E7C325600699EFA /* Resources */ = {
			isa = PBXResourcesBuildPhase;
			buildActionMask = 2147483647;
			files = (
			);
			runOnlyForDeploymentPostprocessing = 0;
		};
		BFE238DA1E7C325600699EFA /* Resources */ = {
			isa = PBXResourcesBuildPhase;
			buildActionMask = 2147483647;
			files = (
			);
			runOnlyForDeploymentPostprocessing = 0;
		};
/* End PBXResourcesBuildPhase section */

/* Begin PBXShellScriptBuildPhase section */
		45C9E1AEE51816CD353BDF32 /* [CP] Copy Pods Resources */ = {
			isa = PBXShellScriptBuildPhase;
			buildActionMask = 2147483647;
			files = (
			);
			inputPaths = (
			);
			name = "[CP] Copy Pods Resources";
			outputPaths = (
			);
			runOnlyForDeploymentPostprocessing = 0;
			shellPath = /bin/sh;
			shellScript = "\"${SRCROOT}/Pods/Target Support Files/Pods-FirstPetProject/Pods-FirstPetProject-resources.sh\"\n";
			showEnvVarsInLog = 0;
		};
		4AD94D52FDF9592E72BAEB7E /* [CP] Check Pods Manifest.lock */ = {
			isa = PBXShellScriptBuildPhase;
			buildActionMask = 2147483647;
			files = (
			);
			inputPaths = (
			);
			name = "[CP] Check Pods Manifest.lock";
			outputPaths = (
			);
			runOnlyForDeploymentPostprocessing = 0;
			shellPath = /bin/sh;
			shellScript = "diff \"${PODS_ROOT}/../Podfile.lock\" \"${PODS_ROOT}/Manifest.lock\" > /dev/null\nif [ $? != 0 ] ; then\n    # print error to STDERR\n    echo \"error: The sandbox is not in sync with the Podfile.lock. Run 'pod install' or update your CocoaPods installation.\" >&2\n    exit 1\nfi\n";
			showEnvVarsInLog = 0;
		};
		4C57DF046DAA0C055368B6E0 /* [CP] Embed Pods Frameworks */ = {
			isa = PBXShellScriptBuildPhase;
			buildActionMask = 2147483647;
			files = (
			);
			inputPaths = (
			);
			name = "[CP] Embed Pods Frameworks";
			outputPaths = (
			);
			runOnlyForDeploymentPostprocessing = 0;
			shellPath = /bin/sh;
			shellScript = "\"${SRCROOT}/Pods/Target Support Files/Pods-FirstPetProjectUITests/Pods-FirstPetProjectUITests-frameworks.sh\"\n";
			showEnvVarsInLog = 0;
		};
		6E0F24B2DEB32951E1B95D69 /* [CP] Copy Pods Resources */ = {
			isa = PBXShellScriptBuildPhase;
			buildActionMask = 2147483647;
			files = (
			);
			inputPaths = (
			);
			name = "[CP] Copy Pods Resources";
			outputPaths = (
			);
			runOnlyForDeploymentPostprocessing = 0;
			shellPath = /bin/sh;
			shellScript = "\"${SRCROOT}/Pods/Target Support Files/Pods-FirstPetProjectTests/Pods-FirstPetProjectTests-resources.sh\"\n";
			showEnvVarsInLog = 0;
		};
		720ABCE9A0004FF70275D30B /* [CP] Embed Pods Frameworks */ = {
			isa = PBXShellScriptBuildPhase;
			buildActionMask = 2147483647;
			files = (
			);
			inputPaths = (
			);
			name = "[CP] Embed Pods Frameworks";
			outputPaths = (
			);
			runOnlyForDeploymentPostprocessing = 0;
			shellPath = /bin/sh;
			shellScript = "\"${SRCROOT}/Pods/Target Support Files/Pods-FirstPetProject/Pods-FirstPetProject-frameworks.sh\"\n";
			showEnvVarsInLog = 0;
		};
		7C076708743E412E3A6E5108 /* [CP] Check Pods Manifest.lock */ = {
			isa = PBXShellScriptBuildPhase;
			buildActionMask = 2147483647;
			files = (
			);
			inputPaths = (
			);
			name = "[CP] Check Pods Manifest.lock";
			outputPaths = (
			);
			runOnlyForDeploymentPostprocessing = 0;
			shellPath = /bin/sh;
			shellScript = "diff \"${PODS_ROOT}/../Podfile.lock\" \"${PODS_ROOT}/Manifest.lock\" > /dev/null\nif [ $? != 0 ] ; then\n    # print error to STDERR\n    echo \"error: The sandbox is not in sync with the Podfile.lock. Run 'pod install' or update your CocoaPods installation.\" >&2\n    exit 1\nfi\n";
			showEnvVarsInLog = 0;
		};
		87CA39CF79CBB665AF797208 /* [CP] Copy Pods Resources */ = {
			isa = PBXShellScriptBuildPhase;
			buildActionMask = 2147483647;
			files = (
			);
			inputPaths = (
			);
			name = "[CP] Copy Pods Resources";
			outputPaths = (
			);
			runOnlyForDeploymentPostprocessing = 0;
			shellPath = /bin/sh;
			shellScript = "\"${SRCROOT}/Pods/Target Support Files/Pods-FirstPetProjectUITests/Pods-FirstPetProjectUITests-resources.sh\"\n";
			showEnvVarsInLog = 0;
		};
		89DAC24BEB5D3FF53190AD35 /* [CP] Check Pods Manifest.lock */ = {
			isa = PBXShellScriptBuildPhase;
			buildActionMask = 2147483647;
			files = (
			);
			inputPaths = (
			);
			name = "[CP] Check Pods Manifest.lock";
			outputPaths = (
			);
			runOnlyForDeploymentPostprocessing = 0;
			shellPath = /bin/sh;
			shellScript = "diff \"${PODS_ROOT}/../Podfile.lock\" \"${PODS_ROOT}/Manifest.lock\" > /dev/null\nif [ $? != 0 ] ; then\n    # print error to STDERR\n    echo \"error: The sandbox is not in sync with the Podfile.lock. Run 'pod install' or update your CocoaPods installation.\" >&2\n    exit 1\nfi\n";
			showEnvVarsInLog = 0;
		};
		97DC3DD523C5EC19D9821224 /* [CP] Embed Pods Frameworks */ = {
			isa = PBXShellScriptBuildPhase;
			buildActionMask = 2147483647;
			files = (
			);
			inputPaths = (
			);
			name = "[CP] Embed Pods Frameworks";
			outputPaths = (
			);
			runOnlyForDeploymentPostprocessing = 0;
			shellPath = /bin/sh;
			shellScript = "\"${SRCROOT}/Pods/Target Support Files/Pods-FirstPetProjectTests/Pods-FirstPetProjectTests-frameworks.sh\"\n";
			showEnvVarsInLog = 0;
		};
/* End PBXShellScriptBuildPhase section */

/* Begin PBXSourcesBuildPhase section */
		BFE238B91E7C325500699EFA /* Sources */ = {
			isa = PBXSourcesBuildPhase;
			buildActionMask = 2147483647;
			files = (
				BF1582961E89627C00E49628 /* LoadImagePresenterProtocol.swift in Sources */,
				BF15828F1E8937FF00E49628 /* LoadImageViewController.swift in Sources */,
				BF25A4AC1E7FF3DA007FE5DD /* DataStore.swift in Sources */,
				BF25A4BD1E813376007FE5DD /* MainViewController.swift in Sources */,
				BF25A4A91E7FF271007FE5DD /* ProductionRepository.swift in Sources */,
				BFE238F91E7C436D00699EFA /* BasePresenter.swift in Sources */,
				BF1582981E8962A200E49628 /* LoadImageViewPresenter.swift in Sources */,
				BF25A4AE1E7FF433007FE5DD /* ProductionDataStore.swift in Sources */,
				BF25A4A71E7FF1A6007FE5DD /* App.swift in Sources */,
				BF1582941E89625200E49628 /* LoadImageViewProtocol.swift in Sources */,
				BFE238C11E7C325600699EFA /* AppDelegate.swift in Sources */,
				BF25A4A21E7FE096007FE5DD /* IncrementInteractor.swift in Sources */,
				BFE238F11E7C340700699EFA /* MainViewPresenter.swift in Sources */,
				BFE238F71E7C38D800699EFA /* MainPresenterProtocol.swift in Sources */,
				BF25A4A51E7FF144007FE5DD /* Repository.swift in Sources */,
				BF25A4A01E7FDF67007FE5DD /* Interactor.swift in Sources */,
				BFE238F31E7C345900699EFA /* MainViewProtocol.swift in Sources */,
			);
			runOnlyForDeploymentPostprocessing = 0;
		};
		BFE238CD1E7C325600699EFA /* Sources */ = {
			isa = PBXSourcesBuildPhase;
			buildActionMask = 2147483647;
			files = (
				BFE238D61E7C325600699EFA /* FirstPetProjectTests.swift in Sources */,
			);
			runOnlyForDeploymentPostprocessing = 0;
		};
		BFE238D81E7C325600699EFA /* Sources */ = {
			isa = PBXSourcesBuildPhase;
			buildActionMask = 2147483647;
			files = (
				BFE238E11E7C325600699EFA /* FirstPetProjectUITests.swift in Sources */,
			);
			runOnlyForDeploymentPostprocessing = 0;
		};
/* End PBXSourcesBuildPhase section */

/* Begin PBXTargetDependency section */
		BFE238D31E7C325600699EFA /* PBXTargetDependency */ = {
			isa = PBXTargetDependency;
			target = BFE238BC1E7C325500699EFA /* FirstPetProject */;
			targetProxy = BFE238D21E7C325600699EFA /* PBXContainerItemProxy */;
		};
		BFE238DE1E7C325600699EFA /* PBXTargetDependency */ = {
			isa = PBXTargetDependency;
			target = BFE238BC1E7C325500699EFA /* FirstPetProject */;
			targetProxy = BFE238DD1E7C325600699EFA /* PBXContainerItemProxy */;
		};
/* End PBXTargetDependency section */

/* Begin XCBuildConfiguration section */
		BFE238E31E7C325600699EFA /* Debug */ = {
			isa = XCBuildConfiguration;
			buildSettings = {
				ALWAYS_SEARCH_USER_PATHS = NO;
				CLANG_ANALYZER_NONNULL = YES;
				CLANG_CXX_LANGUAGE_STANDARD = "gnu++0x";
				CLANG_CXX_LIBRARY = "libc++";
				CLANG_ENABLE_MODULES = YES;
				CLANG_ENABLE_OBJC_ARC = YES;
				CLANG_WARN_BOOL_CONVERSION = YES;
				CLANG_WARN_CONSTANT_CONVERSION = YES;
				CLANG_WARN_DIRECT_OBJC_ISA_USAGE = YES_ERROR;
				CLANG_WARN_DOCUMENTATION_COMMENTS = YES;
				CLANG_WARN_EMPTY_BODY = YES;
				CLANG_WARN_ENUM_CONVERSION = YES;
				CLANG_WARN_INFINITE_RECURSION = YES;
				CLANG_WARN_INT_CONVERSION = YES;
				CLANG_WARN_OBJC_ROOT_CLASS = YES_ERROR;
				CLANG_WARN_SUSPICIOUS_MOVE = YES;
				CLANG_WARN_UNREACHABLE_CODE = YES;
				CLANG_WARN__DUPLICATE_METHOD_MATCH = YES;
				"CODE_SIGN_IDENTITY[sdk=iphoneos*]" = "iPhone Developer";
				COPY_PHASE_STRIP = NO;
				DEBUG_INFORMATION_FORMAT = dwarf;
				ENABLE_STRICT_OBJC_MSGSEND = YES;
				ENABLE_TESTABILITY = YES;
				GCC_C_LANGUAGE_STANDARD = gnu99;
				GCC_DYNAMIC_NO_PIC = NO;
				GCC_NO_COMMON_BLOCKS = YES;
				GCC_OPTIMIZATION_LEVEL = 0;
				GCC_PREPROCESSOR_DEFINITIONS = (
					"DEBUG=1",
					"$(inherited)",
				);
				GCC_WARN_64_TO_32_BIT_CONVERSION = YES;
				GCC_WARN_ABOUT_RETURN_TYPE = YES_ERROR;
				GCC_WARN_UNDECLARED_SELECTOR = YES;
				GCC_WARN_UNINITIALIZED_AUTOS = YES_AGGRESSIVE;
				GCC_WARN_UNUSED_FUNCTION = YES;
				GCC_WARN_UNUSED_VARIABLE = YES;
				IPHONEOS_DEPLOYMENT_TARGET = 10.2;
				MTL_ENABLE_DEBUG_INFO = YES;
				ONLY_ACTIVE_ARCH = YES;
				SDKROOT = iphoneos;
				SWIFT_ACTIVE_COMPILATION_CONDITIONS = DEBUG;
				SWIFT_OPTIMIZATION_LEVEL = "-Onone";
				TARGETED_DEVICE_FAMILY = "1,2";
			};
			name = Debug;
		};
		BFE238E41E7C325600699EFA /* Release */ = {
			isa = XCBuildConfiguration;
			buildSettings = {
				ALWAYS_SEARCH_USER_PATHS = NO;
				CLANG_ANALYZER_NONNULL = YES;
				CLANG_CXX_LANGUAGE_STANDARD = "gnu++0x";
				CLANG_CXX_LIBRARY = "libc++";
				CLANG_ENABLE_MODULES = YES;
				CLANG_ENABLE_OBJC_ARC = YES;
				CLANG_WARN_BOOL_CONVERSION = YES;
				CLANG_WARN_CONSTANT_CONVERSION = YES;
				CLANG_WARN_DIRECT_OBJC_ISA_USAGE = YES_ERROR;
				CLANG_WARN_DOCUMENTATION_COMMENTS = YES;
				CLANG_WARN_EMPTY_BODY = YES;
				CLANG_WARN_ENUM_CONVERSION = YES;
				CLANG_WARN_INFINITE_RECURSION = YES;
				CLANG_WARN_INT_CONVERSION = YES;
				CLANG_WARN_OBJC_ROOT_CLASS = YES_ERROR;
				CLANG_WARN_SUSPICIOUS_MOVE = YES;
				CLANG_WARN_UNREACHABLE_CODE = YES;
				CLANG_WARN__DUPLICATE_METHOD_MATCH = YES;
				"CODE_SIGN_IDENTITY[sdk=iphoneos*]" = "iPhone Developer";
				COPY_PHASE_STRIP = NO;
				DEBUG_INFORMATION_FORMAT = "dwarf-with-dsym";
				ENABLE_NS_ASSERTIONS = NO;
				ENABLE_STRICT_OBJC_MSGSEND = YES;
				GCC_C_LANGUAGE_STANDARD = gnu99;
				GCC_NO_COMMON_BLOCKS = YES;
				GCC_WARN_64_TO_32_BIT_CONVERSION = YES;
				GCC_WARN_ABOUT_RETURN_TYPE = YES_ERROR;
				GCC_WARN_UNDECLARED_SELECTOR = YES;
				GCC_WARN_UNINITIALIZED_AUTOS = YES_AGGRESSIVE;
				GCC_WARN_UNUSED_FUNCTION = YES;
				GCC_WARN_UNUSED_VARIABLE = YES;
				IPHONEOS_DEPLOYMENT_TARGET = 10.2;
				MTL_ENABLE_DEBUG_INFO = NO;
				SDKROOT = iphoneos;
				SWIFT_OPTIMIZATION_LEVEL = "-Owholemodule";
				TARGETED_DEVICE_FAMILY = "1,2";
				VALIDATE_PRODUCT = YES;
			};
			name = Release;
		};
		BFE238E61E7C325600699EFA /* Debug */ = {
			isa = XCBuildConfiguration;
			baseConfigurationReference = 096A04B2A2F07835D3145390 /* Pods-FirstPetProject.debug.xcconfig */;
			buildSettings = {
				ASSETCATALOG_COMPILER_APPICON_NAME = AppIcon;
				INFOPLIST_FILE = FirstPetProject/Info.plist;
				LD_RUNPATH_SEARCH_PATHS = "$(inherited) @executable_path/Frameworks";
				PRODUCT_BUNDLE_IDENTIFIER = com.test.first.FirstPetProject;
				PRODUCT_NAME = "$(TARGET_NAME)";
				SWIFT_VERSION = 3.0;
			};
			name = Debug;
		};
		BFE238E71E7C325600699EFA /* Release */ = {
			isa = XCBuildConfiguration;
			baseConfigurationReference = FF755C9AA8F26D7A749473CE /* Pods-FirstPetProject.release.xcconfig */;
			buildSettings = {
				ASSETCATALOG_COMPILER_APPICON_NAME = AppIcon;
				INFOPLIST_FILE = FirstPetProject/Info.plist;
				LD_RUNPATH_SEARCH_PATHS = "$(inherited) @executable_path/Frameworks";
				PRODUCT_BUNDLE_IDENTIFIER = com.test.first.FirstPetProject;
				PRODUCT_NAME = "$(TARGET_NAME)";
				SWIFT_VERSION = 3.0;
			};
			name = Release;
		};
		BFE238E91E7C325600699EFA /* Debug */ = {
			isa = XCBuildConfiguration;
			baseConfigurationReference = AA45650800BDD99EC283F4C3 /* Pods-FirstPetProjectTests.debug.xcconfig */;
			buildSettings = {
				ALWAYS_EMBED_SWIFT_STANDARD_LIBRARIES = YES;
				BUNDLE_LOADER = "$(TEST_HOST)";
				INFOPLIST_FILE = FirstPetProjectTests/Info.plist;
				LD_RUNPATH_SEARCH_PATHS = "$(inherited) @executable_path/Frameworks @loader_path/Frameworks";
				PRODUCT_BUNDLE_IDENTIFIER = com.test.first.FirstPetProjectTests;
				PRODUCT_NAME = "$(TARGET_NAME)";
				SWIFT_VERSION = 3.0;
				TEST_HOST = "$(BUILT_PRODUCTS_DIR)/FirstPetProject.app/FirstPetProject";
			};
			name = Debug;
		};
		BFE238EA1E7C325600699EFA /* Release */ = {
			isa = XCBuildConfiguration;
			baseConfigurationReference = DCB3F346A5676844587D3BDD /* Pods-FirstPetProjectTests.release.xcconfig */;
			buildSettings = {
				ALWAYS_EMBED_SWIFT_STANDARD_LIBRARIES = YES;
				BUNDLE_LOADER = "$(TEST_HOST)";
				INFOPLIST_FILE = FirstPetProjectTests/Info.plist;
				LD_RUNPATH_SEARCH_PATHS = "$(inherited) @executable_path/Frameworks @loader_path/Frameworks";
				PRODUCT_BUNDLE_IDENTIFIER = com.test.first.FirstPetProjectTests;
				PRODUCT_NAME = "$(TARGET_NAME)";
				SWIFT_VERSION = 3.0;
				TEST_HOST = "$(BUILT_PRODUCTS_DIR)/FirstPetProject.app/FirstPetProject";
			};
			name = Release;
		};
		BFE238EC1E7C325600699EFA /* Debug */ = {
			isa = XCBuildConfiguration;
			baseConfigurationReference = E3202DA1DE80B3598C74DDBC /* Pods-FirstPetProjectUITests.debug.xcconfig */;
			buildSettings = {
				ALWAYS_EMBED_SWIFT_STANDARD_LIBRARIES = YES;
				INFOPLIST_FILE = FirstPetProjectUITests/Info.plist;
				LD_RUNPATH_SEARCH_PATHS = "$(inherited) @executable_path/Frameworks @loader_path/Frameworks";
				PRODUCT_BUNDLE_IDENTIFIER = com.test.first.FirstPetProjectUITests;
				PRODUCT_NAME = "$(TARGET_NAME)";
				SWIFT_VERSION = 3.0;
				TEST_TARGET_NAME = FirstPetProject;
			};
			name = Debug;
		};
		BFE238ED1E7C325600699EFA /* Release */ = {
			isa = XCBuildConfiguration;
			baseConfigurationReference = CC84314C54130B271BB926DF /* Pods-FirstPetProjectUITests.release.xcconfig */;
			buildSettings = {
				ALWAYS_EMBED_SWIFT_STANDARD_LIBRARIES = YES;
				INFOPLIST_FILE = FirstPetProjectUITests/Info.plist;
				LD_RUNPATH_SEARCH_PATHS = "$(inherited) @executable_path/Frameworks @loader_path/Frameworks";
				PRODUCT_BUNDLE_IDENTIFIER = com.test.first.FirstPetProjectUITests;
				PRODUCT_NAME = "$(TARGET_NAME)";
				SWIFT_VERSION = 3.0;
				TEST_TARGET_NAME = FirstPetProject;
			};
			name = Release;
		};
/* End XCBuildConfiguration section */

/* Begin XCConfigurationList section */
		BFE238B81E7C325500699EFA /* Build configuration list for PBXProject "FirstPetProject" */ = {
			isa = XCConfigurationList;
			buildConfigurations = (
				BFE238E31E7C325600699EFA /* Debug */,
				BFE238E41E7C325600699EFA /* Release */,
			);
			defaultConfigurationIsVisible = 0;
			defaultConfigurationName = Release;
		};
		BFE238E51E7C325600699EFA /* Build configuration list for PBXNativeTarget "FirstPetProject" */ = {
			isa = XCConfigurationList;
			buildConfigurations = (
				BFE238E61E7C325600699EFA /* Debug */,
				BFE238E71E7C325600699EFA /* Release */,
			);
			defaultConfigurationIsVisible = 0;
			defaultConfigurationName = Release;
		};
		BFE238E81E7C325600699EFA /* Build configuration list for PBXNativeTarget "FirstPetProjectTests" */ = {
			isa = XCConfigurationList;
			buildConfigurations = (
				BFE238E91E7C325600699EFA /* Debug */,
				BFE238EA1E7C325600699EFA /* Release */,
			);
			defaultConfigurationIsVisible = 0;
			defaultConfigurationName = Release;
		};
		BFE238EB1E7C325600699EFA /* Build configuration list for PBXNativeTarget "FirstPetProjectUITests" */ = {
			isa = XCConfigurationList;
			buildConfigurations = (
				BFE238EC1E7C325600699EFA /* Debug */,
				BFE238ED1E7C325600699EFA /* Release */,
			);
			defaultConfigurationIsVisible = 0;
			defaultConfigurationName = Release;
		};
/* End XCConfigurationList section */
	};
	rootObject = BFE238B51E7C325500699EFA /* Project object */;
}
